
Microsoft Visual Studio Solution File, Format Version 12.00
# Visual Studio Version 17
VisualStudioVersion = 17.10.35013.160
MinimumVisualStudioVersion = 10.0.40219.1
Project("{FAE04EC0-301F-11D3-BF4B-00C04F79EFBC}") = "MicrosoftLearnTraining", "MicrosoftLearnTraining\MicrosoftLearnTraining.csproj", "{C0B7DE94-5060-4D7B-89A7-ED02B059AC81}"
EndProject
Project("{2150E333-8FDC-42A3-9474-1A3956D46DE8}") = "src", "src", "{3CD61E41-BC3B-469E-88E2-08085D4338F5}"
EndProject
Project("{2150E333-8FDC-42A3-9474-1A3956D46DE8}") = "1 - Module", "1 - Module", "{99C4095A-7AC0-4FAD-B249-7B430EE424F1}"
EndProject
Global
	GlobalSection(SolutionConfigurationPlatforms) = preSolution
		Debug|Any CPU = Debug|Any CPU
		Release|Any CPU = Release|Any CPU
	EndGlobalSection
	GlobalSection(ProjectConfigurationPlatforms) = postSolution
		{C0B7DE94-5060-4D7B-89A7-ED02B059AC81}.Debug|Any CPU.ActiveCfg = Debug|Any CPU
		{C0B7DE94-5060-4D7B-89A7-ED02B059AC81}.Debug|Any CPU.Build.0 = Debug|Any CPU
		{C0B7DE94-5060-4D7B-89A7-ED02B059AC81}.Release|Any CPU.ActiveCfg = Release|Any CPU
		{C0B7DE94-5060-4D7B-89A7-ED02B059AC81}.Release|Any CPU.Build.0 = Release|Any CPU
	EndGlobalSection
	GlobalSection(SolutionProperties) = preSolution
		HideSolutionNode = FALSE
	EndGlobalSection
	GlobalSection(NestedProjects) = preSolution
		{C0B7DE94-5060-4D7B-89A7-ED02B059AC81} = {3CD61E41-BC3B-469E-88E2-08085D4338F5}
		{99C4095A-7AC0-4FAD-B249-7B430EE424F1} = {3CD61E41-BC3B-469E-88E2-08085D4338F5}
	EndGlobalSection
	GlobalSection(ExtensibilityGlobals) = postSolution
		SolutionGuid = {0A297EA3-C42C-4D02-AD04-975754AEDD74}
	EndGlobalSection
EndGlobal
